{
  "name": "hailey-lang",
  "version": "0.1.0",
  "lockfileVersion": 3,
  "requires": true,
  "packages": {
    "": {
      "name": "hailey-lang",
      "version": "0.1.0",
      "license": "MIT",
      "bin": {
        "hailey": "bin/hailey.js"
      },
      "engines": {
        "node": ">=22"
      }
    }
  }
}
